// !$*UTF8*$!
{
	archiveVersion = 1;
	classes = {
	};
	objectVersion = 46;
	objects = {

/* Begin PBXBuildFile section */
		49700AD31E0AFC380008D903 /* AppDelegate.swift in Sources */ = {isa = PBXBuildFile; fileRef = 49700AD21E0AFC380008D903 /* AppDelegate.swift */; };
		49700AD51E0AFC380008D903 /* ViewController.swift in Sources */ = {isa = PBXBuildFile; fileRef = 49700AD41E0AFC380008D903 /* ViewController.swift */; };
		49700AD81E0AFC380008D903 /* Main.storyboard in Resources */ = {isa = PBXBuildFile; fileRef = 49700AD61E0AFC380008D903 /* Main.storyboard */; };
		49700ADA1E0AFC380008D903 /* Assets.xcassets in Resources */ = {isa = PBXBuildFile; fileRef = 49700AD91E0AFC380008D903 /* Assets.xcassets */; };
		49700ADD1E0AFC380008D903 /* LaunchScreen.storyboard in Resources */ = {isa = PBXBuildFile; fileRef = 49700ADB1E0AFC380008D903 /* LaunchScreen.storyboard */; };
		49700AE71E0B00790008D903 /* Cartfile in Resources */ = {isa = PBXBuildFile; fileRef = 49700AE61E0B00790008D903 /* Cartfile */; };
		49700AE91E0B01470008D903 /* Beverages.swift in Sources */ = {isa = PBXBuildFile; fileRef = 49700AE81E0B01470008D903 /* Beverages.swift */; };
		49700AED1E0B08B80008D903 /* LandingPageViewController.swift in Sources */ = {isa = PBXBuildFile; fileRef = 49700AEC1E0B08B80008D903 /* LandingPageViewController.swift */; };
		49700AF01E0B09110008D903 /* SnapKit.framework in Frameworks */ = {isa = PBXBuildFile; fileRef = 49700AEF1E0B09110008D903 /* SnapKit.framework */; };
		49700AF71E0B0B0C0008D903 /* DrinksViewController.swift in Sources */ = {isa = PBXBuildFile; fileRef = 49700AF61E0B0B0C0008D903 /* DrinksViewController.swift */; };
		49700AF91E0B0E370008D903 /* ModifiersViewController.swift in Sources */ = {isa = PBXBuildFile; fileRef = 49700AF81E0B0E370008D903 /* ModifiersViewController.swift */; };
		49700AFB1E0B10A40008D903 /* Eureka.framework in Frameworks */ = {isa = PBXBuildFile; fileRef = 49700AFA1E0B10A40008D903 /* Eureka.framework */; };
		49700AFD1E0B12050008D903 /* Constants.swift in Sources */ = {isa = PBXBuildFile; fileRef = 49700AFC1E0B12050008D903 /* Constants.swift */; };
		49700AFF1E0B13D40008D903 /* UIHelper.swift in Sources */ = {isa = PBXBuildFile; fileRef = 49700AFE1E0B13D40008D903 /* UIHelper.swift */; };
		49700B031E0B1E1E0008D903 /* BeverageCell.xib in Resources */ = {isa = PBXBuildFile; fileRef = 49700B021E0B1E1E0008D903 /* BeverageCell.xib */; };
		49700B081E0B1E880008D903 /* BeverageCell.swift in Sources */ = {isa = PBXBuildFile; fileRef = 49700B071E0B1E880008D903 /* BeverageCell.swift */; };
/* End PBXBuildFile section */

/* Begin PBXFileReference section */
		49700ACF1E0AFC380008D903 /* Coffee Machine.app */ = {isa = PBXFileReference; explicitFileType = wrapper.application; includeInIndex = 0; path = "Coffee Machine.app"; sourceTree = BUILT_PRODUCTS_DIR; };
		49700AD21E0AFC380008D903 /* AppDelegate.swift */ = {isa = PBXFileReference; lastKnownFileType = sourcecode.swift; path = AppDelegate.swift; sourceTree = "<group>"; };
		49700AD41E0AFC380008D903 /* ViewController.swift */ = {isa = PBXFileReference; lastKnownFileType = sourcecode.swift; path = ViewController.swift; sourceTree = "<group>"; };
		49700AD71E0AFC380008D903 /* Base */ = {isa = PBXFileReference; lastKnownFileType = file.storyboard; name = Base; path = Base.lproj/Main.storyboard; sourceTree = "<group>"; };
		49700AD91E0AFC380008D903 /* Assets.xcassets */ = {isa = PBXFileReference; lastKnownFileType = folder.assetcatalog; path = Assets.xcassets; sourceTree = "<group>"; };
		49700ADC1E0AFC380008D903 /* Base */ = {isa = PBXFileReference; lastKnownFileType = file.storyboard; name = Base; path = Base.lproj/LaunchScreen.storyboard; sourceTree = "<group>"; };
		49700ADE1E0AFC380008D903 /* Info.plist */ = {isa = PBXFileReference; lastKnownFileType = text.plist.xml; path = Info.plist; sourceTree = "<group>"; };
		49700AE61E0B00790008D903 /* Cartfile */ = {isa = PBXFileReference; fileEncoding = 4; lastKnownFileType = text; path = Cartfile; sourceTree = "<group>"; };
		49700AE81E0B01470008D903 /* Beverages.swift */ = {isa = PBXFileReference; fileEncoding = 4; lastKnownFileType = sourcecode.swift; path = Beverages.swift; sourceTree = "<group>"; };
		49700AEC1E0B08B80008D903 /* LandingPageViewController.swift */ = {isa = PBXFileReference; fileEncoding = 4; lastKnownFileType = sourcecode.swift; path = LandingPageViewController.swift; sourceTree = "<group>"; };
		49700AEF1E0B09110008D903 /* SnapKit.framework */ = {isa = PBXFileReference; lastKnownFileType = wrapper.framework; name = SnapKit.framework; path = Carthage/Build/iOS/SnapKit.framework; sourceTree = "<group>"; };
		49700AF61E0B0B0C0008D903 /* DrinksViewController.swift */ = {isa = PBXFileReference; fileEncoding = 4; lastKnownFileType = sourcecode.swift; path = DrinksViewController.swift; sourceTree = "<group>"; };
		49700AF81E0B0E370008D903 /* ModifiersViewController.swift */ = {isa = PBXFileReference; fileEncoding = 4; lastKnownFileType = sourcecode.swift; path = ModifiersViewController.swift; sourceTree = "<group>"; };
		49700AFA1E0B10A40008D903 /* Eureka.framework */ = {isa = PBXFileReference; lastKnownFileType = wrapper.framework; name = Eureka.framework; path = Carthage/Build/iOS/Eureka.framework; sourceTree = "<group>"; };
		49700AFC1E0B12050008D903 /* Constants.swift */ = {isa = PBXFileReference; fileEncoding = 4; lastKnownFileType = sourcecode.swift; path = Constants.swift; sourceTree = "<group>"; };
		49700AFE1E0B13D40008D903 /* UIHelper.swift */ = {isa = PBXFileReference; fileEncoding = 4; lastKnownFileType = sourcecode.swift; path = UIHelper.swift; sourceTree = "<group>"; };
		49700B021E0B1E1E0008D903 /* BeverageCell.xib */ = {isa = PBXFileReference; fileEncoding = 4; lastKnownFileType = file.xib; name = BeverageCell.xib; path = ../BeverageCell.xib; sourceTree = "<group>"; };
		49700B071E0B1E880008D903 /* BeverageCell.swift */ = {isa = PBXFileReference; fileEncoding = 4; lastKnownFileType = sourcecode.swift; path = BeverageCell.swift; sourceTree = "<group>"; };
/* End PBXFileReference section */

/* Begin PBXFrameworksBuildPhase section */
		49700ACC1E0AFC370008D903 /* Frameworks */ = {
			isa = PBXFrameworksBuildPhase;
			buildActionMask = 2147483647;
			files = (
				49700AF01E0B09110008D903 /* SnapKit.framework in Frameworks */,
				49700AFB1E0B10A40008D903 /* Eureka.framework in Frameworks */,
			);
			runOnlyForDeploymentPostprocessing = 0;
		};
/* End PBXFrameworksBuildPhase section */

/* Begin PBXGroup section */
		49700AC61E0AFC370008D903 = {
			isa = PBXGroup;
			children = (
				49700AE61E0B00790008D903 /* Cartfile */,
				49700AD11E0AFC380008D903 /* Coffee Machine */,
				49700AD01E0AFC380008D903 /* Products */,
				49700AEE1E0B09100008D903 /* Frameworks */,
			);
			sourceTree = "<group>";
		};
		49700AD01E0AFC380008D903 /* Products */ = {
			isa = PBXGroup;
			children = (
				49700ACF1E0AFC380008D903 /* Coffee Machine.app */,
			);
			name = Products;
			sourceTree = "<group>";
		};
		49700AD11E0AFC380008D903 /* Coffee Machine */ = {
			isa = PBXGroup;
			children = (
				49700ADE1E0AFC380008D903 /* Info.plist */,
				49700AD21E0AFC380008D903 /* AppDelegate.swift */,
				49700B0A1E10D5240008D903 /* Storyboards */,
				49700B041E0B1E5F0008D903 /* Custom Rows */,
				49700AF31E0B0AAC0008D903 /* Classes */,
				49700AF21E0B0AA30008D903 /* View Controllers */,
				49700AD91E0AFC380008D903 /* Assets.xcassets */,
			);
			path = "Coffee Machine";
			sourceTree = "<group>";
		};
		49700AEE1E0B09100008D903 /* Frameworks */ = {
			isa = PBXGroup;
			children = (
				49700AFA1E0B10A40008D903 /* Eureka.framework */,
				49700AEF1E0B09110008D903 /* SnapKit.framework */,
			);
			name = Frameworks;
			sourceTree = "<group>";
		};
		49700AF21E0B0AA30008D903 /* View Controllers */ = {
			isa = PBXGroup;
			children = (
				49700AEC1E0B08B80008D903 /* LandingPageViewController.swift */,
				49700AD41E0AFC380008D903 /* ViewController.swift */,
				49700AF61E0B0B0C0008D903 /* DrinksViewController.swift */,
				49700AF81E0B0E370008D903 /* ModifiersViewController.swift */,
			);
			name = "View Controllers";
			sourceTree = "<group>";
		};
		49700AF31E0B0AAC0008D903 /* Classes */ = {
			isa = PBXGroup;
			children = (
				49700B091E10CD9A0008D903 /* Helper Classes */,
				49700AE81E0B01470008D903 /* Beverages.swift */,
			);
			name = Classes;
			sourceTree = "<group>";
		};
		49700B041E0B1E5F0008D903 /* Custom Rows */ = {
			isa = PBXGroup;
			children = (
				49700B021E0B1E1E0008D903 /* BeverageCell.xib */,
				49700B071E0B1E880008D903 /* BeverageCell.swift */,
			);
			name = "Custom Rows";
			sourceTree = "<group>";
		};
		49700B091E10CD9A0008D903 /* Helper Classes */ = {
			isa = PBXGroup;
			children = (
				49700AFE1E0B13D40008D903 /* UIHelper.swift */,
				49700AFC1E0B12050008D903 /* Constants.swift */,
			);
			name = "Helper Classes";
			sourceTree = "<group>";
		};
		49700B0A1E10D5240008D903 /* Storyboards */ = {
			isa = PBXGroup;
			children = (
				49700AD61E0AFC380008D903 /* Main.storyboard */,
				49700ADB1E0AFC380008D903 /* LaunchScreen.storyboard */,
			);
			name = Storyboards;
			sourceTree = "<group>";
		};
/* End PBXGroup section */

/* Begin PBXNativeTarget section */
		49700ACE1E0AFC370008D903 /* Coffee Machine */ = {
			isa = PBXNativeTarget;
			buildConfigurationList = 49700AE11E0AFC380008D903 /* Build configuration list for PBXNativeTarget "Coffee Machine" */;
			buildPhases = (
				49700ACB1E0AFC370008D903 /* Sources */,
				49700ACC1E0AFC370008D903 /* Frameworks */,
				49700ACD1E0AFC370008D903 /* Resources */,
				49700AF11E0B09240008D903 /* Carthage Script */,
			);
			buildRules = (
			);
			dependencies = (
			);
			name = "Coffee Machine";
			productName = "Coffee Machine";
			productReference = 49700ACF1E0AFC380008D903 /* Coffee Machine.app */;
			productType = "com.apple.product-type.application";
		};
/* End PBXNativeTarget section */

/* Begin PBXProject section */
		49700AC71E0AFC370008D903 /* Project object */ = {
			isa = PBXProject;
			attributes = {
				LastSwiftUpdateCheck = 0820;
				LastUpgradeCheck = 0820;
				ORGANIZATIONNAME = "Marc Santos";
				TargetAttributes = {
					49700ACE1E0AFC370008D903 = {
						CreatedOnToolsVersion = 8.2;
						DevelopmentTeam = 2MC337ND56;
						ProvisioningStyle = Automatic;
					};
				};
			};
			buildConfigurationList = 49700ACA1E0AFC370008D903 /* Build configuration list for PBXProject "Coffee Machine" */;
			compatibilityVersion = "Xcode 3.2";
			developmentRegion = English;
			hasScannedForEncodings = 0;
			knownRegions = (
				en,
				Base,
			);
			mainGroup = 49700AC61E0AFC370008D903;
			productRefGroup = 49700AD01E0AFC380008D903 /* Products */;
			projectDirPath = "";
			projectRoot = "";
			targets = (
				49700ACE1E0AFC370008D903 /* Coffee Machine */,
			);
		};
/* End PBXProject section */

/* Begin PBXResourcesBuildPhase section */
		49700ACD1E0AFC370008D903 /* Resources */ = {
			isa = PBXResourcesBuildPhase;
			buildActionMask = 2147483647;
			files = (
				49700ADD1E0AFC380008D903 /* LaunchScreen.storyboard in Resources */,
				49700ADA1E0AFC380008D903 /* Assets.xcassets in Resources */,
				49700AE71E0B00790008D903 /* Cartfile in Resources */,
				49700B031E0B1E1E0008D903 /* BeverageCell.xib in Resources */,
				49700AD81E0AFC380008D903 /* Main.storyboard in Resources */,
			);
			runOnlyForDeploymentPostprocessing = 0;
		};
/* End PBXResourcesBuildPhase section */

/* Begin PBXShellScriptBuildPhase section */
		49700AF11E0B09240008D903 /* Carthage Script */ = {
			isa = PBXShellScriptBuildPhase;
			buildActionMask = 2147483647;
			files = (
			);
			inputPaths = (
				"$(SRCROOT)/Carthage/Build/iOS/Snapkit.framework",
				"$(SRCROOT)/Carthage/Build/iOS/Eureka.framework",
			);
			name = "Carthage Script";
			outputPaths = (
			);
			runOnlyForDeploymentPostprocessing = 0;
			shellPath = /bin/sh;
			shellScript = "/usr/local/bin/carthage copy-frameworks\n";
		};
/* End PBXShellScriptBuildPhase section */

/* Begin PBXSourcesBuildPhase section */
		49700ACB1E0AFC370008D903 /* Sources */ = {
			isa = PBXSourcesBuildPhase;
			buildActionMask = 2147483647;
			files = (
				49700B081E0B1E880008D903 /* BeverageCell.swift in Sources */,
				49700AE91E0B01470008D903 /* Beverages.swift in Sources */,
				49700AD51E0AFC380008D903 /* ViewController.swift in Sources */,
				49700AF71E0B0B0C0008D903 /* DrinksViewController.swift in Sources */,
				49700AF91E0B0E370008D903 /* ModifiersViewController.swift in Sources */,
				49700AFD1E0B12050008D903 /* Constants.swift in Sources */,
				49700AD31E0AFC380008D903 /* AppDelegate.swift in Sources */,
				49700AED1E0B08B80008D903 /* LandingPageViewController.swift in Sources */,
				49700AFF1E0B13D40008D903 /* UIHelper.swift in Sources */,
			);
			runOnlyForDeploymentPostprocessing = 0;
		};
/* End PBXSourcesBuildPhase section */

/* Begin PBXVariantGroup section */
		49700AD61E0AFC380008D903 /* Main.storyboard */ = {
			isa = PBXVariantGroup;
			children = (
				49700AD71E0AFC380008D903 /* Base */,
			);
			name = Main.storyboard;
			sourceTree = "<group>";
		};
		49700ADB1E0AFC380008D903 /* LaunchScreen.storyboard */ = {
			isa = PBXVariantGroup;
			children = (
				49700ADC1E0AFC380008D903 /* Base */,
			);
			name = LaunchScreen.storyboard;
			sourceTree = "<group>";
		};
/* End PBXVariantGroup section */

/* Begin XCBuildConfiguration section */
		49700ADF1E0AFC380008D903 /* Debug */ = {
			isa = XCBuildConfiguration;
			buildSettings = {
				ALWAYS_SEARCH_USER_PATHS = NO;
				CLANG_ANALYZER_NONNULL = YES;
				CLANG_CXX_LANGUAGE_STANDARD = "gnu++0x";
				CLANG_CXX_LIBRARY = "libc++";
				CLANG_ENABLE_MODULES = YES;
				CLANG_ENABLE_OBJC_ARC = YES;
				CLANG_WARN_BOOL_CONVERSION = YES;
				CLANG_WARN_CONSTANT_CONVERSION = YES;
				CLANG_WARN_DIRECT_OBJC_ISA_USAGE = YES_ERROR;
				CLANG_WARN_DOCUMENTATION_COMMENTS = YES;
				CLANG_WARN_EMPTY_BODY = YES;
				CLANG_WARN_ENUM_CONVERSION = YES;
				CLANG_WARN_INFINITE_RECURSION = YES;
				CLANG_WARN_INT_CONVERSION = YES;
				CLANG_WARN_OBJC_ROOT_CLASS = YES_ERROR;
				CLANG_WARN_SUSPICIOUS_MOVE = YES;
				CLANG_WARN_UNREACHABLE_CODE = YES;
				CLANG_WARN__DUPLICATE_METHOD_MATCH = YES;
				"CODE_SIGN_IDENTITY[sdk=iphoneos*]" = "iPhone Developer";
				COPY_PHASE_STRIP = NO;
				DEBUG_INFORMATION_FORMAT = dwarf;
				ENABLE_STRICT_OBJC_MSGSEND = YES;
				ENABLE_TESTABILITY = YES;
				GCC_C_LANGUAGE_STANDARD = gnu99;
				GCC_DYNAMIC_NO_PIC = NO;
				GCC_NO_COMMON_BLOCKS = YES;
				GCC_OPTIMIZATION_LEVEL = 0;
				GCC_PREPROCESSOR_DEFINITIONS = (
					"DEBUG=1",
					"$(inherited)",
				);
				GCC_WARN_64_TO_32_BIT_CONVERSION = YES;
				GCC_WARN_ABOUT_RETURN_TYPE = YES_ERROR;
				GCC_WARN_UNDECLARED_SELECTOR = YES;
				GCC_WARN_UNINITIALIZED_AUTOS = YES_AGGRESSIVE;
				GCC_WARN_UNUSED_FUNCTION = YES;
				GCC_WARN_UNUSED_VARIABLE = YES;
				IPHONEOS_DEPLOYMENT_TARGET = 10.2;
				MTL_ENABLE_DEBUG_INFO = YES;
				ONLY_ACTIVE_ARCH = YES;
				SDKROOT = iphoneos;
				SWIFT_ACTIVE_COMPILATION_CONDITIONS = DEBUG;
				SWIFT_OPTIMIZATION_LEVEL = "-Onone";
			};
			name = Debug;
		};
		49700AE01E0AFC380008D903 /* Release */ = {
			isa = XCBuildConfiguration;
			buildSettings = {
				ALWAYS_SEARCH_USER_PATHS = NO;
				CLANG_ANALYZER_NONNULL = YES;
				CLANG_CXX_LANGUAGE_STANDARD = "gnu++0x";
				CLANG_CXX_LIBRARY = "libc++";
				CLANG_ENABLE_MODULES = YES;
				CLANG_ENABLE_OBJC_ARC = YES;
				CLANG_WARN_BOOL_CONVERSION = YES;
				CLANG_WARN_CONSTANT_CONVERSION = YES;
				CLANG_WARN_DIRECT_OBJC_ISA_USAGE = YES_ERROR;
				CLANG_WARN_DOCUMENTATION_COMMENTS = YES;
				CLANG_WARN_EMPTY_BODY = YES;
				CLANG_WARN_ENUM_CONVERSION = YES;
				CLANG_WARN_INFINITE_RECURSION = YES;
				CLANG_WARN_INT_CONVERSION = YES;
				CLANG_WARN_OBJC_ROOT_CLASS = YES_ERROR;
				CLANG_WARN_SUSPICIOUS_MOVE = YES;
				CLANG_WARN_UNREACHABLE_CODE = YES;
				CLANG_WARN__DUPLICATE_METHOD_MATCH = YES;
				"CODE_SIGN_IDENTITY[sdk=iphoneos*]" = "iPhone Developer";
				COPY_PHASE_STRIP = NO;
				DEBUG_INFORMATION_FORMAT = "dwarf-with-dsym";
				ENABLE_NS_ASSERTIONS = NO;
				ENABLE_STRICT_OBJC_MSGSEND = YES;
				GCC_C_LANGUAGE_STANDARD = gnu99;
				GCC_NO_COMMON_BLOCKS = YES;
				GCC_WARN_64_TO_32_BIT_CONVERSION = YES;
				GCC_WARN_ABOUT_RETURN_TYPE = YES_ERROR;
				GCC_WARN_UNDECLARED_SELECTOR = YES;
				GCC_WARN_UNINITIALIZED_AUTOS = YES_AGGRESSIVE;
				GCC_WARN_UNUSED_FUNCTION = YES;
				GCC_WARN_UNUSED_VARIABLE = YES;
				IPHONEOS_DEPLOYMENT_TARGET = 10.2;
				MTL_ENABLE_DEBUG_INFO = NO;
				SDKROOT = iphoneos;
				SWIFT_OPTIMIZATION_LEVEL = "-Owholemodule";
				VALIDATE_PRODUCT = YES;
			};
			name = Release;
		};
		49700AE21E0AFC380008D903 /* Debug */ = {
			isa = XCBuildConfiguration;
			buildSettings = {
				ASSETCATALOG_COMPILER_APPICON_NAME = AppIcon;
				DEVELOPMENT_TEAM = 2MC337ND56;
				FRAMEWORK_SEARCH_PATHS = (
					"$(inherited)",
					"$(PROJECT_DIR)/Carthage/Build/iOS",
				);
				INFOPLIST_FILE = "Coffee Machine/Info.plist";
				LD_RUNPATH_SEARCH_PATHS = "$(inherited) @executable_path/Frameworks";
				PRODUCT_BUNDLE_IDENTIFIER = "Marc-Santos.Coffee-Machine";
				PRODUCT_NAME = "$(TARGET_NAME)";
				SWIFT_VERSION = 3.0;
			};
			name = Debug;
		};
		49700AE31E0AFC380008D903 /* Release */ = {
			isa = XCBuildConfiguration;
			buildSettings = {
				ASSETCATALOG_COMPILER_APPICON_NAME = AppIcon;
				DEVELOPMENT_TEAM = 2MC337ND56;
				FRAMEWORK_SEARCH_PATHS = (
					"$(inherited)",
					"$(PROJECT_DIR)/Carthage/Build/iOS",
				);
				INFOPLIST_FILE = "Coffee Machine/Info.plist";
				LD_RUNPATH_SEARCH_PATHS = "$(inherited) @executable_path/Frameworks";
				PRODUCT_BUNDLE_IDENTIFIER = "Marc-Santos.Coffee-Machine";
				PRODUCT_NAME = "$(TARGET_NAME)";
				SWIFT_VERSION = 3.0;
			};
			name = Release;
		};
/* End XCBuildConfiguration section */

/* Begin XCConfigurationList section */
		49700ACA1E0AFC370008D903 /* Build configuration list for PBXProject "Coffee Machine" */ = {
			isa = XCConfigurationList;
			buildConfigurations = (
				49700ADF1E0AFC380008D903 /* Debug */,
				49700AE01E0AFC380008D903 /* Release */,
			);
			defaultConfigurationIsVisible = 0;
			defaultConfigurationName = Release;
		};
		49700AE11E0AFC380008D903 /* Build configuration list for PBXNativeTarget "Coffee Machine" */ = {
			isa = XCConfigurationList;
			buildConfigurations = (
				49700AE21E0AFC380008D903 /* Debug */,
				49700AE31E0AFC380008D903 /* Release */,
			);
			defaultConfigurationIsVisible = 0;
		};
/* End XCConfigurationList section */
	};
	rootObject = 49700AC71E0AFC370008D903 /* Project object */;
}
